{
  "nodes": {
    "home-manager": {
      "inputs": {
        "nixpkgs": [
          "nixpkgs"
        ]
      },
      "locked": {
        "lastModified": 1685553090,
        "narHash": "sha256-DsAYE1AaR4NcZeeotEIE1XlNVXAv8NxUVDxOb7t4wxU=",
        "owner": "nix-community",
        "repo": "home-manager",
        "rev": "f1490b8caf2ef6f59205c78cf1a8b68e776214a3",
        "type": "github"
      },
      "original": {
        "owner": "nix-community",
        "repo": "home-manager",
        "type": "github"
      }
    },
    "nixpkgs": {
      "locked": {
        "lastModified": 1685383865,
        "narHash": "sha256-3uQytfnotO6QJv3r04ajSXbEFMII0dUtw0uqYlZ4dbk=",
        "owner": "nixos",
        "repo": "nixpkgs",
        "rev": "5e871d8aa6f57cc8e0dc087d1c5013f6e212b4ce",
        "type": "github"
      },
      "original": {
        "owner": "nixos",
        "ref": "nixos-unstable",
        "repo": "nixpkgs",
        "type": "github"
      }
    },
    "paymo-widget-appimage": {
      "flake": false,
      "locked": {
        "narHash": "sha256-9aFvNzeqX7iniannP3T3v208YyEFy18wekhTWLJDiPU=",
        "type": "file",
        "url": "https://s3.amazonaws.com/widget.paymoapp.com/paymo-widget-7.2.8-x86_64.AppImage"
      },
      "original": {
        "type": "file",
        "url": "https://s3.amazonaws.com/widget.paymoapp.com/paymo-widget-7.2.8-x86_64.AppImage"
      }
    },
    "prospect-mail-appimage": {
      "flake": false,
      "locked": {
        "narHash": "sha256-qPmahf8e9TXqlOwkhEAC9sTzTAIpTmLv1x9JHhVbzfo=",
        "type": "file",
        "url": "https://github.com/julian-alarcon/prospect-mail/releases/download/v0.4.0/Prospect-Mail-0.4.0.AppImage"
      },
      "original": {
        "type": "file",
        "url": "https://github.com/julian-alarcon/prospect-mail/releases/download/v0.4.0/Prospect-Mail-0.4.0.AppImage"
      }
    },
    "root": {
      "inputs": {
        "home-manager": "home-manager",
        "nixpkgs": "nixpkgs",
        "paymo-widget-appimage": "paymo-widget-appimage",
        "prospect-mail-appimage": "prospect-mail-appimage",
        "waveforms": "waveforms"
      }
    },
    "waveforms": {
      "inputs": {
        "nixpkgs": [
          "nixpkgs"
        ]
      },
      "locked": {
        "lastModified": 1685390267,
        "narHash": "sha256-DtUcujZ7x3HxKtEl8+pJbF4ozBcgl6giiIOGzq7URGs=",
        "owner": "liff",
        "repo": "waveforms-flake",
        "rev": "d1f9a77cff529a4c9eaade834d5372c9975c463e",
        "type": "github"
      },
      "original": {
        "owner": "liff",
        "repo": "waveforms-flake",
        "type": "github"
      }
    }
  },
  "root": "root",
  "version": 7
}
