{
  "nodes": {
    "home-manager": {
      "inputs": {
        "nixpkgs": [
          "nixpkgs"
        ]
      },
      "locked": {
        "lastModified": 1687969886,
        "narHash": "sha256-tC2qFLmuM0PFaw0tMHVcFmzsG/351q09qa1EpuL2n1U=",
        "owner": "nix-community",
        "repo": "home-manager",
        "rev": "a7002d6bfca54742d5fc9b485a1879953b4585b9",
        "type": "github"
      },
      "original": {
        "owner": "nix-community",
        "repo": "home-manager",
        "type": "github"
      }
    },
    "nixpkgs": {
      "locked": {
        "lastModified": 1687898314,
        "narHash": "sha256-B4BHon3uMXQw8ZdbwxRK1BmxVOGBV4viipKpGaIlGwk=",
        "owner": "nixos",
        "repo": "nixpkgs",
        "rev": "e18dc963075ed115afb3e312b64643bf8fd4b474",
        "type": "github"
      },
      "original": {
        "owner": "nixos",
        "ref": "nixos-unstable",
        "repo": "nixpkgs",
        "type": "github"
      }
    },
    "paymo-widget-appimage": {
      "flake": false,
      "locked": {
        "narHash": "sha256-9aFvNzeqX7iniannP3T3v208YyEFy18wekhTWLJDiPU=",
        "type": "file",
        "url": "https://s3.amazonaws.com/widget.paymoapp.com/paymo-widget-7.2.8-x86_64.AppImage"
      },
      "original": {
        "type": "file",
        "url": "https://s3.amazonaws.com/widget.paymoapp.com/paymo-widget-7.2.8-x86_64.AppImage"
      }
    },
    "prospect-mail-appimage": {
      "flake": false,
      "locked": {
        "narHash": "sha256-qPmahf8e9TXqlOwkhEAC9sTzTAIpTmLv1x9JHhVbzfo=",
        "type": "file",
        "url": "https://github.com/julian-alarcon/prospect-mail/releases/download/v0.4.0/Prospect-Mail-0.4.0.AppImage"
      },
      "original": {
        "type": "file",
        "url": "https://github.com/julian-alarcon/prospect-mail/releases/download/v0.4.0/Prospect-Mail-0.4.0.AppImage"
      }
    },
    "root": {
      "inputs": {
        "home-manager": "home-manager",
        "nixpkgs": "nixpkgs",
        "paymo-widget-appimage": "paymo-widget-appimage",
        "prospect-mail-appimage": "prospect-mail-appimage",
        "waveforms": "waveforms"
      }
    },
    "waveforms": {
      "inputs": {
        "nixpkgs": [
          "nixpkgs"
        ]
      },
      "locked": {
        "lastModified": 1687770882,
        "narHash": "sha256-8fh9r+B4JuNIP/N+TCSeEkn7358fjSOOWJO9ocXur7Q=",
        "owner": "liff",
        "repo": "waveforms-flake",
        "rev": "27ca2b7399055b61ee61f76a20b58e5b8f2d88d4",
        "type": "github"
      },
      "original": {
        "owner": "liff",
        "repo": "waveforms-flake",
        "type": "github"
      }
    }
  },
  "root": "root",
  "version": 7
}
