{
  "nodes": {
    "home-manager": {
      "inputs": {
        "nixpkgs": [
          "nixpkgs"
        ]
      },
      "locked": {
        "lastModified": 1701071203,
        "narHash": "sha256-lQywA7QU/vzTdZ1apI0PfgCWNyQobXUYghVrR5zuIeM=",
        "owner": "nix-community",
        "repo": "home-manager",
        "rev": "db1878f013b52ba5e4034db7c1b63e8d04173a86",
        "type": "github"
      },
      "original": {
        "owner": "nix-community",
        "repo": "home-manager",
        "type": "github"
      }
    },
    "nixpkgs": {
      "locked": {
        "lastModified": 1700794826,
        "narHash": "sha256-RyJTnTNKhO0yqRpDISk03I/4A67/dp96YRxc86YOPgU=",
        "owner": "nixos",
        "repo": "nixpkgs",
        "rev": "5a09cb4b393d58f9ed0d9ca1555016a8543c2ac8",
        "type": "github"
      },
      "original": {
        "owner": "nixos",
        "ref": "nixos-unstable",
        "repo": "nixpkgs",
        "type": "github"
      }
    },
    "paymo-track-appimage": {
      "flake": false,
      "locked": {
        "narHash": "sha256-jtBsDRqc8HdhfNPbQgfHKPPKj3lRawoNEtlfu1dpSGI=",
        "type": "file",
        "url": "https://track-paymoapp-com.s3-accelerate.amazonaws.com/paymo-track-linux-x86_64-8.9.6.AppImage"
      },
      "original": {
        "type": "file",
        "url": "https://track-paymoapp-com.s3-accelerate.amazonaws.com/paymo-track-linux-x86_64-8.9.6.AppImage"
      }
    },
    "prospect-mail-appimage": {
      "flake": false,
      "locked": {
        "narHash": "sha256-qPmahf8e9TXqlOwkhEAC9sTzTAIpTmLv1x9JHhVbzfo=",
        "type": "file",
        "url": "https://github.com/julian-alarcon/prospect-mail/releases/download/v0.4.0/Prospect-Mail-0.4.0.AppImage"
      },
      "original": {
        "type": "file",
        "url": "https://github.com/julian-alarcon/prospect-mail/releases/download/v0.4.0/Prospect-Mail-0.4.0.AppImage"
      }
    },
    "root": {
      "inputs": {
        "home-manager": "home-manager",
        "nixpkgs": "nixpkgs",
        "paymo-track-appimage": "paymo-track-appimage",
        "prospect-mail-appimage": "prospect-mail-appimage",
        "waveforms": "waveforms"
      }
    },
    "waveforms": {
      "inputs": {
        "nixpkgs": [
          "nixpkgs"
        ]
      },
      "locked": {
        "lastModified": 1690575644,
        "narHash": "sha256-Wh82vQvP5o8VpZy/K4XORA1uT4ZIKxKHcM5XGUlICQU=",
        "owner": "soroot",
        "repo": "waveforms-flake",
        "rev": "35da72766b328d8377a656d97e6bdb9d88471e9a",
        "type": "github"
      },
      "original": {
        "owner": "soroot",
        "repo": "waveforms-flake",
        "type": "github"
      }
    }
  },
  "root": "root",
  "version": 7
}
